// !$*UTF8*$!
{
	archiveVersion = 1;
	classes = {
	};
	objectVersion = 56;
	objects = {

/* Begin PBXBuildFile section */
		1A24A0D32B826650005424C5 /* marvelApp.swift in Sources */ = {isa = PBXBuildFile; fileRef = 1A24A0D22B826650005424C5 /* marvelApp.swift */; };
		1A24A0D52B826650005424C5 /* ContentView.swift in Sources */ = {isa = PBXBuildFile; fileRef = 1A24A0D42B826650005424C5 /* ContentView.swift */; };
		1A24A0D72B826650005424C5 /* Item.swift in Sources */ = {isa = PBXBuildFile; fileRef = 1A24A0D62B826650005424C5 /* Item.swift */; };
		1A24A0DC2B826652005424C5 /* Preview Assets.xcassets in Resources */ = {isa = PBXBuildFile; fileRef = 1A24A0DB2B826652005424C5 /* Preview Assets.xcassets */; };
		1A66131B2B84053E007F79EE /* SplashScreenView.swift in Sources */ = {isa = PBXBuildFile; fileRef = 1A66131A2B84053E007F79EE /* SplashScreenView.swift */; };
		1A66131E2B8408D6007F79EE /* MainView.swift in Sources */ = {isa = PBXBuildFile; fileRef = 1A66131D2B8408D6007F79EE /* MainView.swift */; };
		1A6613232B8415F6007F79EE /* MarvelAPIService.swift in Sources */ = {isa = PBXBuildFile; fileRef = 1A6613222B8415F6007F79EE /* MarvelAPIService.swift */; };
		1A6613252B8418F3007F79EE /* MarvelDataFetcher.swift in Sources */ = {isa = PBXBuildFile; fileRef = 1A6613242B8418F3007F79EE /* MarvelDataFetcher.swift */; };
		1A6613272B84191F007F79EE /* MarvelResponse.swift in Sources */ = {isa = PBXBuildFile; fileRef = 1A6613262B84191F007F79EE /* MarvelResponse.swift */; };
		1A6613292B841954007F79EE /* Character.swift in Sources */ = {isa = PBXBuildFile; fileRef = 1A6613282B841954007F79EE /* Character.swift */; };
		1A66132B2B8419AE007F79EE /* CharactersViewModel.swift in Sources */ = {isa = PBXBuildFile; fileRef = 1A66132A2B8419AE007F79EE /* CharactersViewModel.swift */; };
		1A66132D2B841A33007F79EE /* CharactersView.swift in Sources */ = {isa = PBXBuildFile; fileRef = 1A66132C2B841A33007F79EE /* CharactersView.swift */; };
		1AEF89EC2B84594800AB63D1 /* HeaderView.swift in Sources */ = {isa = PBXBuildFile; fileRef = 1AEF89EB2B84594800AB63D1 /* HeaderView.swift */; };
		1AEF89EE2B84672B00AB63D1 /* Assets.xcassets in Resources */ = {isa = PBXBuildFile; fileRef = 1A24A0D82B826652005424C5 /* Assets.xcassets */; };
/* End PBXBuildFile section */

/* Begin PBXFileReference section */
		1A24A0CF2B826650005424C5 /* marvel.app */ = {isa = PBXFileReference; explicitFileType = wrapper.application; includeInIndex = 0; path = marvel.app; sourceTree = BUILT_PRODUCTS_DIR; };
		1A24A0D22B826650005424C5 /* marvelApp.swift */ = {isa = PBXFileReference; lastKnownFileType = sourcecode.swift; path = marvelApp.swift; sourceTree = "<group>"; };
		1A24A0D42B826650005424C5 /* ContentView.swift */ = {isa = PBXFileReference; lastKnownFileType = sourcecode.swift; path = ContentView.swift; sourceTree = "<group>"; tabWidth = 4; };
		1A24A0D62B826650005424C5 /* Item.swift */ = {isa = PBXFileReference; lastKnownFileType = sourcecode.swift; path = Item.swift; sourceTree = "<group>"; };
		1A24A0D82B826652005424C5 /* Assets.xcassets */ = {isa = PBXFileReference; lastKnownFileType = folder.assetcatalog; path = Assets.xcassets; sourceTree = "<group>"; };
		1A24A0DB2B826652005424C5 /* Preview Assets.xcassets */ = {isa = PBXFileReference; lastKnownFileType = folder.assetcatalog; path = "Preview Assets.xcassets"; sourceTree = "<group>"; };
		1A24A0E92B826C0F005424C5 /* README.md */ = {isa = PBXFileReference; lastKnownFileType = net.daringfireball.markdown; path = README.md; sourceTree = "<group>"; };
		1A6613182B840459007F79EE /* Config.xcconfig */ = {isa = PBXFileReference; lastKnownFileType = text.xcconfig; path = Config.xcconfig; sourceTree = "<group>"; };
		1A66131A2B84053E007F79EE /* SplashScreenView.swift */ = {isa = PBXFileReference; lastKnownFileType = sourcecode.swift; path = SplashScreenView.swift; sourceTree = "<group>"; };
		1A66131C2B8406B6007F79EE /* Info.plist */ = {isa = PBXFileReference; lastKnownFileType = text.plist; path = Info.plist; sourceTree = "<group>"; };
		1A66131D2B8408D6007F79EE /* MainView.swift */ = {isa = PBXFileReference; lastKnownFileType = sourcecode.swift; path = MainView.swift; sourceTree = "<group>"; };
		1A6613222B8415F6007F79EE /* MarvelAPIService.swift */ = {isa = PBXFileReference; lastKnownFileType = sourcecode.swift; path = MarvelAPIService.swift; sourceTree = "<group>"; };
		1A6613242B8418F3007F79EE /* MarvelDataFetcher.swift */ = {isa = PBXFileReference; lastKnownFileType = sourcecode.swift; path = MarvelDataFetcher.swift; sourceTree = "<group>"; };
		1A6613262B84191F007F79EE /* MarvelResponse.swift */ = {isa = PBXFileReference; lastKnownFileType = sourcecode.swift; path = MarvelResponse.swift; sourceTree = "<group>"; };
		1A6613282B841954007F79EE /* Character.swift */ = {isa = PBXFileReference; lastKnownFileType = sourcecode.swift; path = Character.swift; sourceTree = "<group>"; };
		1A66132A2B8419AE007F79EE /* CharactersViewModel.swift */ = {isa = PBXFileReference; lastKnownFileType = sourcecode.swift; path = CharactersViewModel.swift; sourceTree = "<group>"; };
		1A66132C2B841A33007F79EE /* CharactersView.swift */ = {isa = PBXFileReference; lastKnownFileType = sourcecode.swift; path = CharactersView.swift; sourceTree = "<group>"; };
		1AEF89EB2B84594800AB63D1 /* HeaderView.swift */ = {isa = PBXFileReference; lastKnownFileType = sourcecode.swift; path = HeaderView.swift; sourceTree = "<group>"; };
/* End PBXFileReference section */

/* Begin PBXFrameworksBuildPhase section */
		1A24A0CC2B826650005424C5 /* Frameworks */ = {
			isa = PBXFrameworksBuildPhase;
			buildActionMask = 2147483647;
			files = (
			);
			runOnlyForDeploymentPostprocessing = 0;
		};
/* End PBXFrameworksBuildPhase section */

/* Begin PBXGroup section */
		1A24A0C62B826650005424C5 = {
			isa = PBXGroup;
			children = (
				1A24A0E92B826C0F005424C5 /* README.md */,
				1A24A0D12B826650005424C5 /* marvel */,
				1A24A0D02B826650005424C5 /* Products */,
			);
			sourceTree = "<group>";
		};
		1A24A0D02B826650005424C5 /* Products */ = {
			isa = PBXGroup;
			children = (
				1A24A0CF2B826650005424C5 /* marvel.app */,
			);
			name = Products;
			sourceTree = "<group>";
		};
		1A24A0D12B826650005424C5 /* marvel */ = {
			isa = PBXGroup;
			children = (
				1A6613202B840B4C007F79EE /* Models */,
				1A6613192B840476007F79EE /* Views */,
				1A6613212B840B5E007F79EE /* ViewModels */,
				1A66131F2B840A95007F79EE /* Services */,
				1A24A0EE2B826CC5005424C5 /* Resources */,
				1A24A0D22B826650005424C5 /* marvelApp.swift */,
				1A24A0D62B826650005424C5 /* Item.swift */,
				1A66131C2B8406B6007F79EE /* Info.plist */,
				1A24A0D82B826652005424C5 /* Assets.xcassets */,
				1A24A0DA2B826652005424C5 /* Preview Content */,
			);
			path = marvel;
			sourceTree = "<group>";
		};
		1A24A0DA2B826652005424C5 /* Preview Content */ = {
			isa = PBXGroup;
			children = (
				1A24A0DB2B826652005424C5 /* Preview Assets.xcassets */,
			);
			path = "Preview Content";
			sourceTree = "<group>";
		};
		1A24A0EE2B826CC5005424C5 /* Resources */ = {
			isa = PBXGroup;
			children = (
				1A6613182B840459007F79EE /* Config.xcconfig */,
			);
			path = Resources;
			sourceTree = "<group>";
		};
		1A6613192B840476007F79EE /* Views */ = {
			isa = PBXGroup;
			children = (
				1AEF89EA2B84592C00AB63D1 /* UI */,
				1A24A0D42B826650005424C5 /* ContentView.swift */,
				1A66131D2B8408D6007F79EE /* MainView.swift */,
				1A66132C2B841A33007F79EE /* CharactersView.swift */,
				1A66131A2B84053E007F79EE /* SplashScreenView.swift */,
			);
			path = Views;
			sourceTree = "<group>";
		};
		1A66131F2B840A95007F79EE /* Services */ = {
			isa = PBXGroup;
			children = (
				1A6613222B8415F6007F79EE /* MarvelAPIService.swift */,
				1A6613242B8418F3007F79EE /* MarvelDataFetcher.swift */,
			);
			path = Services;
			sourceTree = "<group>";
		};
		1A6613202B840B4C007F79EE /* Models */ = {
			isa = PBXGroup;
			children = (
				1A6613262B84191F007F79EE /* MarvelResponse.swift */,
				1A6613282B841954007F79EE /* Character.swift */,
			);
			path = Models;
			sourceTree = "<group>";
		};
		1A6613212B840B5E007F79EE /* ViewModels */ = {
			isa = PBXGroup;
			children = (
				1A66132A2B8419AE007F79EE /* CharactersViewModel.swift */,
			);
			path = ViewModels;
			sourceTree = "<group>";
		};
		1AEF89EA2B84592C00AB63D1 /* UI */ = {
			isa = PBXGroup;
			children = (
				1AEF89EB2B84594800AB63D1 /* HeaderView.swift */,
			);
			path = UI;
			sourceTree = "<group>";
		};
/* End PBXGroup section */

/* Begin PBXNativeTarget section */
		1A24A0CE2B826650005424C5 /* marvel */ = {
			isa = PBXNativeTarget;
			buildConfigurationList = 1A24A0DF2B826652005424C5 /* Build configuration list for PBXNativeTarget "marvel" */;
			buildPhases = (
				1A24A0CB2B826650005424C5 /* Sources */,
				1A24A0CC2B826650005424C5 /* Frameworks */,
				1A24A0CD2B826650005424C5 /* Resources */,
			);
			buildRules = (
			);
			dependencies = (
			);
			name = marvel;
			productName = marvel;
			productReference = 1A24A0CF2B826650005424C5 /* marvel.app */;
			productType = "com.apple.product-type.application";
		};
/* End PBXNativeTarget section */

/* Begin PBXProject section */
		1A24A0C72B826650005424C5 /* Project object */ = {
			isa = PBXProject;
			attributes = {
				BuildIndependentTargetsInParallel = 1;
				LastSwiftUpdateCheck = 1520;
				LastUpgradeCheck = 1520;
				TargetAttributes = {
					1A24A0CE2B826650005424C5 = {
						CreatedOnToolsVersion = 15.2;
					};
				};
			};
			buildConfigurationList = 1A24A0CA2B826650005424C5 /* Build configuration list for PBXProject "Marvel" */;
			compatibilityVersion = "Xcode 14.0";
			developmentRegion = en;
			hasScannedForEncodings = 0;
			knownRegions = (
				en,
				Base,
			);
			mainGroup = 1A24A0C62B826650005424C5;
			productRefGroup = 1A24A0D02B826650005424C5 /* Products */;
			projectDirPath = "";
			projectRoot = "";
			targets = (
				1A24A0CE2B826650005424C5 /* marvel */,
			);
		};
/* End PBXProject section */

/* Begin PBXResourcesBuildPhase section */
		1A24A0CD2B826650005424C5 /* Resources */ = {
			isa = PBXResourcesBuildPhase;
			buildActionMask = 2147483647;
			files = (
				1AEF89EE2B84672B00AB63D1 /* Assets.xcassets in Resources */,
				1A24A0DC2B826652005424C5 /* Preview Assets.xcassets in Resources */,
			);
			runOnlyForDeploymentPostprocessing = 0;
		};
/* End PBXResourcesBuildPhase section */

/* Begin PBXSourcesBuildPhase section */
		1A24A0CB2B826650005424C5 /* Sources */ = {
			isa = PBXSourcesBuildPhase;
			buildActionMask = 2147483647;
			files = (
				1A6613292B841954007F79EE /* Character.swift in Sources */,
				1A24A0D52B826650005424C5 /* ContentView.swift in Sources */,
				1A6613232B8415F6007F79EE /* MarvelAPIService.swift in Sources */,
				1A24A0D72B826650005424C5 /* Item.swift in Sources */,
				1A66132B2B8419AE007F79EE /* CharactersViewModel.swift in Sources */,
				1A24A0D32B826650005424C5 /* marvelApp.swift in Sources */,
				1A66132D2B841A33007F79EE /* CharactersView.swift in Sources */,
				1AEF89EC2B84594800AB63D1 /* HeaderView.swift in Sources */,
				1A6613252B8418F3007F79EE /* MarvelDataFetcher.swift in Sources */,
				1A6613272B84191F007F79EE /* MarvelResponse.swift in Sources */,
				1A66131E2B8408D6007F79EE /* MainView.swift in Sources */,
				1A66131B2B84053E007F79EE /* SplashScreenView.swift in Sources */,
			);
			runOnlyForDeploymentPostprocessing = 0;
		};
/* End PBXSourcesBuildPhase section */

/* Begin XCBuildConfiguration section */
		1A24A0DD2B826652005424C5 /* Debug */ = {
			isa = XCBuildConfiguration;
			baseConfigurationReference = 1A6613182B840459007F79EE /* Config.xcconfig */;
			buildSettings = {
				ALWAYS_SEARCH_USER_PATHS = NO;
				ASSETCATALOG_COMPILER_GENERATE_SWIFT_ASSET_SYMBOL_EXTENSIONS = YES;
				CLANG_ANALYZER_NONNULL = YES;
				CLANG_ANALYZER_NUMBER_OBJECT_CONVERSION = YES_AGGRESSIVE;
				CLANG_CXX_LANGUAGE_STANDARD = "gnu++20";
				CLANG_ENABLE_MODULES = YES;
				CLANG_ENABLE_OBJC_ARC = YES;
				CLANG_ENABLE_OBJC_WEAK = YES;
				CLANG_WARN_BLOCK_CAPTURE_AUTORELEASING = YES;
				CLANG_WARN_BOOL_CONVERSION = YES;
				CLANG_WARN_COMMA = YES;
				CLANG_WARN_CONSTANT_CONVERSION = YES;
				CLANG_WARN_DEPRECATED_OBJC_IMPLEMENTATIONS = YES;
				CLANG_WARN_DIRECT_OBJC_ISA_USAGE = YES_ERROR;
				CLANG_WARN_DOCUMENTATION_COMMENTS = YES;
				CLANG_WARN_EMPTY_BODY = YES;
				CLANG_WARN_ENUM_CONVERSION = YES;
				CLANG_WARN_INFINITE_RECURSION = YES;
				CLANG_WARN_INT_CONVERSION = YES;
				CLANG_WARN_NON_LITERAL_NULL_CONVERSION = YES;
				CLANG_WARN_OBJC_IMPLICIT_RETAIN_SELF = YES;
				CLANG_WARN_OBJC_LITERAL_CONVERSION = YES;
				CLANG_WARN_OBJC_ROOT_CLASS = YES_ERROR;
				CLANG_WARN_QUOTED_INCLUDE_IN_FRAMEWORK_HEADER = YES;
				CLANG_WARN_RANGE_LOOP_ANALYSIS = YES;
				CLANG_WARN_STRICT_PROTOTYPES = YES;
				CLANG_WARN_SUSPICIOUS_MOVE = YES;
				CLANG_WARN_UNGUARDED_AVAILABILITY = YES_AGGRESSIVE;
				CLANG_WARN_UNREACHABLE_CODE = YES;
				CLANG_WARN__DUPLICATE_METHOD_MATCH = YES;
				COPY_PHASE_STRIP = NO;
				DEBUG_INFORMATION_FORMAT = dwarf;
				ENABLE_STRICT_OBJC_MSGSEND = YES;
				ENABLE_TESTABILITY = YES;
				ENABLE_USER_SCRIPT_SANDBOXING = YES;
				GCC_C_LANGUAGE_STANDARD = gnu17;
				GCC_DYNAMIC_NO_PIC = NO;
				GCC_NO_COMMON_BLOCKS = YES;
				GCC_OPTIMIZATION_LEVEL = 0;
				GCC_PREPROCESSOR_DEFINITIONS = (
					"DEBUG=1",
					"$(inherited)",
				);
				GCC_WARN_64_TO_32_BIT_CONVERSION = YES;
				GCC_WARN_ABOUT_RETURN_TYPE = YES_ERROR;
				GCC_WARN_UNDECLARED_SELECTOR = YES;
				GCC_WARN_UNINITIALIZED_AUTOS = YES_AGGRESSIVE;
				GCC_WARN_UNUSED_FUNCTION = YES;
				GCC_WARN_UNUSED_VARIABLE = YES;
				IPHONEOS_DEPLOYMENT_TARGET = 17.2;
				LOCALIZATION_PREFERS_STRING_CATALOGS = YES;
				MTL_ENABLE_DEBUG_INFO = INCLUDE_SOURCE;
				MTL_FAST_MATH = YES;
				ONLY_ACTIVE_ARCH = YES;
				SDKROOT = iphoneos;
				SWIFT_ACTIVE_COMPILATION_CONDITIONS = "DEBUG $(inherited)";
				SWIFT_OPTIMIZATION_LEVEL = "-Onone";
			};
			name = Debug;
		};
		1A24A0DE2B826652005424C5 /* Release */ = {
			isa = XCBuildConfiguration;
			baseConfigurationReference = 1A6613182B840459007F79EE /* Config.xcconfig */;
			buildSettings = {
				ALWAYS_SEARCH_USER_PATHS = NO;
				ASSETCATALOG_COMPILER_GENERATE_SWIFT_ASSET_SYMBOL_EXTENSIONS = YES;
				CLANG_ANALYZER_NONNULL = YES;
				CLANG_ANALYZER_NUMBER_OBJECT_CONVERSION = YES_AGGRESSIVE;
				CLANG_CXX_LANGUAGE_STANDARD = "gnu++20";
				CLANG_ENABLE_MODULES = YES;
				CLANG_ENABLE_OBJC_ARC = YES;
				CLANG_ENABLE_OBJC_WEAK = YES;
				CLANG_WARN_BLOCK_CAPTURE_AUTORELEASING = YES;
				CLANG_WARN_BOOL_CONVERSION = YES;
				CLANG_WARN_COMMA = YES;
				CLANG_WARN_CONSTANT_CONVERSION = YES;
				CLANG_WARN_DEPRECATED_OBJC_IMPLEMENTATIONS = YES;
				CLANG_WARN_DIRECT_OBJC_ISA_USAGE = YES_ERROR;
				CLANG_WARN_DOCUMENTATION_COMMENTS = YES;
				CLANG_WARN_EMPTY_BODY = YES;
				CLANG_WARN_ENUM_CONVERSION = YES;
				CLANG_WARN_INFINITE_RECURSION = YES;
				CLANG_WARN_INT_CONVERSION = YES;
				CLANG_WARN_NON_LITERAL_NULL_CONVERSION = YES;
				CLANG_WARN_OBJC_IMPLICIT_RETAIN_SELF = YES;
				CLANG_WARN_OBJC_LITERAL_CONVERSION = YES;
				CLANG_WARN_OBJC_ROOT_CLASS = YES_ERROR;
				CLANG_WARN_QUOTED_INCLUDE_IN_FRAMEWORK_HEADER = YES;
				CLANG_WARN_RANGE_LOOP_ANALYSIS = YES;
				CLANG_WARN_STRICT_PROTOTYPES = YES;
				CLANG_WARN_SUSPICIOUS_MOVE = YES;
				CLANG_WARN_UNGUARDED_AVAILABILITY = YES_AGGRESSIVE;
				CLANG_WARN_UNREACHABLE_CODE = YES;
				CLANG_WARN__DUPLICATE_METHOD_MATCH = YES;
				COPY_PHASE_STRIP = NO;
				DEBUG_INFORMATION_FORMAT = "dwarf-with-dsym";
				ENABLE_NS_ASSERTIONS = NO;
				ENABLE_STRICT_OBJC_MSGSEND = YES;
				ENABLE_USER_SCRIPT_SANDBOXING = YES;
				GCC_C_LANGUAGE_STANDARD = gnu17;
				GCC_NO_COMMON_BLOCKS = YES;
				GCC_WARN_64_TO_32_BIT_CONVERSION = YES;
				GCC_WARN_ABOUT_RETURN_TYPE = YES_ERROR;
				GCC_WARN_UNDECLARED_SELECTOR = YES;
				GCC_WARN_UNINITIALIZED_AUTOS = YES_AGGRESSIVE;
				GCC_WARN_UNUSED_FUNCTION = YES;
				GCC_WARN_UNUSED_VARIABLE = YES;
				IPHONEOS_DEPLOYMENT_TARGET = 17.2;
				LOCALIZATION_PREFERS_STRING_CATALOGS = YES;
				MTL_ENABLE_DEBUG_INFO = NO;
				MTL_FAST_MATH = YES;
				SDKROOT = iphoneos;
				SWIFT_COMPILATION_MODE = wholemodule;
				VALIDATE_PRODUCT = YES;
			};
			name = Release;
		};
		1A24A0E02B826652005424C5 /* Debug */ = {
			isa = XCBuildConfiguration;
			buildSettings = {
				ASSETCATALOG_COMPILER_APPICON_NAME = AppIcon;
				ASSETCATALOG_COMPILER_GLOBAL_ACCENT_COLOR_NAME = AccentColor;
				CODE_SIGN_STYLE = Automatic;
				CURRENT_PROJECT_VERSION = 1;
				DEVELOPMENT_ASSET_PATHS = "\"marvel/Preview Content\"";
				DEVELOPMENT_TEAM = 6YZUPKL63P;
				ENABLE_PREVIEWS = YES;
				GENERATE_INFOPLIST_FILE = YES;
				INFOPLIST_FILE = marvel/Info.plist;
				INFOPLIST_KEY_CFBundleDisplayName = Marvel;
				INFOPLIST_KEY_LSApplicationCategoryType = "public.app-category.developer-tools";
				INFOPLIST_KEY_UIApplicationSceneManifest_Generation = YES;
				INFOPLIST_KEY_UIApplicationSupportsIndirectInputEvents = YES;
				INFOPLIST_KEY_UISupportedInterfaceOrientations_iPad = "UIInterfaceOrientationPortrait UIInterfaceOrientationPortraitUpsideDown UIInterfaceOrientationLandscapeLeft UIInterfaceOrientationLandscapeRight";
				INFOPLIST_KEY_UISupportedInterfaceOrientations_iPhone = "UIInterfaceOrientationPortrait UIInterfaceOrientationLandscapeLeft UIInterfaceOrientationLandscapeRight";
				LD_RUNPATH_SEARCH_PATHS = (
					"$(inherited)",
					"@executable_path/Frameworks",
				);
				MARKETING_VERSION = 1.0;
				PRODUCT_BUNDLE_IDENTIFIER = com.iluisda.personal.marvel;
				PRODUCT_NAME = "$(TARGET_NAME)";
				SWIFT_EMIT_LOC_STRINGS = YES;
				SWIFT_VERSION = 5.0;
				TARGETED_DEVICE_FAMILY = "1,2";
			};
			name = Debug;
		};
		1A24A0E12B826652005424C5 /* Release */ = {
			isa = XCBuildConfiguration;
			buildSettings = {
				ASSETCATALOG_COMPILER_APPICON_NAME = AppIcon;
				ASSETCATALOG_COMPILER_GLOBAL_ACCENT_COLOR_NAME = AccentColor;
				CODE_SIGN_STYLE = Automatic;
				CURRENT_PROJECT_VERSION = 1;
				DEVELOPMENT_ASSET_PATHS = "\"marvel/Preview Content\"";
				DEVELOPMENT_TEAM = 6YZUPKL63P;
				ENABLE_PREVIEWS = YES;
				GENERATE_INFOPLIST_FILE = YES;
				INFOPLIST_FILE = marvel/Info.plist;
				INFOPLIST_KEY_CFBundleDisplayName = Marvel;
				INFOPLIST_KEY_LSApplicationCategoryType = "public.app-category.developer-tools";
				INFOPLIST_KEY_UIApplicationSceneManifest_Generation = YES;
				INFOPLIST_KEY_UIApplicationSupportsIndirectInputEvents = YES;
				INFOPLIST_KEY_UISupportedInterfaceOrientations_iPad = "UIInterfaceOrientationPortrait UIInterfaceOrientationPortraitUpsideDown UIInterfaceOrientationLandscapeLeft UIInterfaceOrientationLandscapeRight";
				INFOPLIST_KEY_UISupportedInterfaceOrientations_iPhone = "UIInterfaceOrientationPortrait UIInterfaceOrientationLandscapeLeft UIInterfaceOrientationLandscapeRight";
				LD_RUNPATH_SEARCH_PATHS = (
					"$(inherited)",
					"@executable_path/Frameworks",
				);
				MARKETING_VERSION = 1.0;
				PRODUCT_BUNDLE_IDENTIFIER = com.iluisda.personal.marvel;
				PRODUCT_NAME = "$(TARGET_NAME)";
				SWIFT_EMIT_LOC_STRINGS = YES;
				SWIFT_VERSION = 5.0;
				TARGETED_DEVICE_FAMILY = "1,2";
			};
			name = Release;
		};
/* End XCBuildConfiguration section */

/* Begin XCConfigurationList section */
		1A24A0CA2B826650005424C5 /* Build configuration list for PBXProject "Marvel" */ = {
			isa = XCConfigurationList;
			buildConfigurations = (
				1A24A0DD2B826652005424C5 /* Debug */,
				1A24A0DE2B826652005424C5 /* Release */,
			);
			defaultConfigurationIsVisible = 0;
			defaultConfigurationName = Release;
		};
		1A24A0DF2B826652005424C5 /* Build configuration list for PBXNativeTarget "marvel" */ = {
			isa = XCConfigurationList;
			buildConfigurations = (
				1A24A0E02B826652005424C5 /* Debug */,
				1A24A0E12B826652005424C5 /* Release */,
			);
			defaultConfigurationIsVisible = 0;
			defaultConfigurationName = Release;
		};
/* End XCConfigurationList section */
	};
	rootObject = 1A24A0C72B826650005424C5 /* Project object */;
}
